
Microsoft Visual Studio Solution File, Format Version 12.00
# Visual Studio Version 17
VisualStudioVersion = 17.2.32630.192
MinimumVisualStudioVersion = 10.0.40219.1
Project("{FAE04EC0-301F-11D3-BF4B-00C04F79EFBC}") = "UserPortal.ManagementService", "UserPortal.ManagementService\UserPortal.ManagementService.csproj", "{240ABEA1-C36F-47C3-AC55-C217492E4DB6}"
EndProject
Project("{E53339B2-1760-4266-BCC7-CA923CBCF16C}") = "docker-compose", "docker-compose.dcproj", "{53F9F39F-3713-4012-A2D1-4102C0E33912}"
EndProject
Project("{FAE04EC0-301F-11D3-BF4B-00C04F79EFBC}") = "UserPortal.UserService.Tests", "UserPortal.UserService.Tests\UserPortal.UserService.Tests.csproj", "{D3B33473-6956-46C9-9979-AB7F36F8EDA3}"
EndProject
Project("{FAE04EC0-301F-11D3-BF4B-00C04F79EFBC}") = "UserPortal.ManagementService.Tests", "UserPortal.ManagementService.Tests\UserPortal.ManagementService.Tests.csproj", "{4D2A4F0E-396B-4364-9066-FD1C34682CA7}"
EndProject
Project("{9A19103F-16F7-4668-BE54-9A1E7A4F7556}") = "UserPortal.UserService", "UserPortal.UserService\UserPortal.UserService.csproj", "{87401EF7-0BFA-4E1D-8C80-127F8A7BEE0B}"
EndProject
Global
	GlobalSection(SolutionConfigurationPlatforms) = preSolution
		Debug|Any CPU = Debug|Any CPU
		Release|Any CPU = Release|Any CPU
	EndGlobalSection
	GlobalSection(ProjectConfigurationPlatforms) = postSolution
		{240ABEA1-C36F-47C3-AC55-C217492E4DB6}.Debug|Any CPU.ActiveCfg = Debug|Any CPU
		{240ABEA1-C36F-47C3-AC55-C217492E4DB6}.Debug|Any CPU.Build.0 = Debug|Any CPU
		{240ABEA1-C36F-47C3-AC55-C217492E4DB6}.Release|Any CPU.ActiveCfg = Release|Any CPU
		{240ABEA1-C36F-47C3-AC55-C217492E4DB6}.Release|Any CPU.Build.0 = Release|Any CPU
		{53F9F39F-3713-4012-A2D1-4102C0E33912}.Debug|Any CPU.ActiveCfg = Debug|Any CPU
		{53F9F39F-3713-4012-A2D1-4102C0E33912}.Debug|Any CPU.Build.0 = Debug|Any CPU
		{53F9F39F-3713-4012-A2D1-4102C0E33912}.Release|Any CPU.ActiveCfg = Release|Any CPU
		{53F9F39F-3713-4012-A2D1-4102C0E33912}.Release|Any CPU.Build.0 = Release|Any CPU
		{D3B33473-6956-46C9-9979-AB7F36F8EDA3}.Debug|Any CPU.ActiveCfg = Debug|Any CPU
		{D3B33473-6956-46C9-9979-AB7F36F8EDA3}.Debug|Any CPU.Build.0 = Debug|Any CPU
		{D3B33473-6956-46C9-9979-AB7F36F8EDA3}.Release|Any CPU.ActiveCfg = Release|Any CPU
		{D3B33473-6956-46C9-9979-AB7F36F8EDA3}.Release|Any CPU.Build.0 = Release|Any CPU
		{4D2A4F0E-396B-4364-9066-FD1C34682CA7}.Debug|Any CPU.ActiveCfg = Debug|Any CPU
		{4D2A4F0E-396B-4364-9066-FD1C34682CA7}.Debug|Any CPU.Build.0 = Debug|Any CPU
		{4D2A4F0E-396B-4364-9066-FD1C34682CA7}.Release|Any CPU.ActiveCfg = Release|Any CPU
		{4D2A4F0E-396B-4364-9066-FD1C34682CA7}.Release|Any CPU.Build.0 = Release|Any CPU
		{87401EF7-0BFA-4E1D-8C80-127F8A7BEE0B}.Debug|Any CPU.ActiveCfg = Debug|Any CPU
		{87401EF7-0BFA-4E1D-8C80-127F8A7BEE0B}.Debug|Any CPU.Build.0 = Debug|Any CPU
		{87401EF7-0BFA-4E1D-8C80-127F8A7BEE0B}.Release|Any CPU.ActiveCfg = Release|Any CPU
		{87401EF7-0BFA-4E1D-8C80-127F8A7BEE0B}.Release|Any CPU.Build.0 = Release|Any CPU
	EndGlobalSection
	GlobalSection(SolutionProperties) = preSolution
		HideSolutionNode = FALSE
	EndGlobalSection
	GlobalSection(ExtensibilityGlobals) = postSolution
		SolutionGuid = {6E356586-9371-4745-896E-7AD495FD38FD}
	EndGlobalSection
EndGlobal
